
Microsoft Visual Studio Solution File, Format Version 12.00
# Visual Studio 2013
VisualStudioVersion = 12.0.30723.0
MinimumVisualStudioVersion = 10.0.40219.1
Project("{FAE04EC0-301F-11D3-BF4B-00C04F79EFBC}") = "GitTest", "GitTest\GitTest.csproj", "{6BE254AF-2D2C-4970-AD04-7038E233A4F4}"
EndProject
Project("{FAE04EC0-301F-11D3-BF4B-00C04F79EFBC}") = "GitTest.Tests", "GitTest.Tests\GitTest.Tests.csproj", "{26958692-E0D4-4298-873C-0B6F73E5FDFF}"
EndProject
Global
	GlobalSection(SolutionConfigurationPlatforms) = preSolution
		Debug|Any CPU = Debug|Any CPU
		Release|Any CPU = Release|Any CPU
	EndGlobalSection
	GlobalSection(ProjectConfigurationPlatforms) = postSolution
		{6BE254AF-2D2C-4970-AD04-7038E233A4F4}.Debug|Any CPU.ActiveCfg = Debug|Any CPU
		{6BE254AF-2D2C-4970-AD04-7038E233A4F4}.Debug|Any CPU.Build.0 = Debug|Any CPU
		{6BE254AF-2D2C-4970-AD04-7038E233A4F4}.Release|Any CPU.ActiveCfg = Release|Any CPU
		{6BE254AF-2D2C-4970-AD04-7038E233A4F4}.Release|Any CPU.Build.0 = Release|Any CPU
		{26958692-E0D4-4298-873C-0B6F73E5FDFF}.Debug|Any CPU.ActiveCfg = Debug|Any CPU
		{26958692-E0D4-4298-873C-0B6F73E5FDFF}.Debug|Any CPU.Build.0 = Debug|Any CPU
		{26958692-E0D4-4298-873C-0B6F73E5FDFF}.Release|Any CPU.ActiveCfg = Release|Any CPU
		{26958692-E0D4-4298-873C-0B6F73E5FDFF}.Release|Any CPU.Build.0 = Release|Any CPU
	EndGlobalSection
	GlobalSection(SolutionProperties) = preSolution
		HideSolutionNode = FALSE
	EndGlobalSection
EndGlobal
